
Microsoft Visual Studio Solution File, Format Version 12.00
# Visual Studio Version 17
VisualStudioVersion = 17.13.35919.96
MinimumVisualStudioVersion = 10.0.40219.1
Project("{2150E333-8FDC-42A3-9474-1A3956D46DE8}") = "Services", "Services", "{02EA681E-C7D8-13C7-8484-4AC65E1B71E8}"
EndProject
Project("{2150E333-8FDC-42A3-9474-1A3956D46DE8}") = "Catalog", "Catalog", "{C6229A45-799E-4D6F-B513-E4E5CA10BDEB}"
EndProject
Project("{FAE04EC0-301F-11D3-BF4B-00C04F79EFBC}") = "MultiShop.Catalog", "Services\Catalog\MultiShop.Catalog\MultiShop.Catalog.csproj", "{9DCAD4A8-EB44-4F1F-89F3-1B3B776B4B0F}"
EndProject
Project("{2150E333-8FDC-42A3-9474-1A3956D46DE8}") = "Discount", "Discount", "{67904E85-353C-4D1B-A5E0-37A67C5FB7A5}"
EndProject
Project("{FAE04EC0-301F-11D3-BF4B-00C04F79EFBC}") = "MultiShop.Discount", "Services\Discount\MultiShop.Discount\MultiShop.Discount.csproj", "{7DAC6A23-2668-4CB2-99BA-0CD30FFE9719}"
EndProject
Project("{2150E333-8FDC-42A3-9474-1A3956D46DE8}") = "Order", "Order", "{9FA01F58-6786-4A83-83DD-7D143E84769E}"
EndProject
Project("{2150E333-8FDC-42A3-9474-1A3956D46DE8}") = "Core", "Core", "{7BEFA63A-89F4-48BE-81F0-109C2A2AC5EE}"
EndProject
Project("{2150E333-8FDC-42A3-9474-1A3956D46DE8}") = "Infrastructure", "Infrastructure", "{154738EE-3945-4A2F-A49E-533F99755E62}"
EndProject
Project("{2150E333-8FDC-42A3-9474-1A3956D46DE8}") = "Presentation", "Presentation", "{0E925B8E-81B8-4A6D-9FAE-9458F0C3FE18}"
EndProject
Project("{FAE04EC0-301F-11D3-BF4B-00C04F79EFBC}") = "MultiShop.Order.Domain", "Services\Order\Core\MultiShop.Order.Domain\MultiShop.Order.Domain.csproj", "{A54A1067-9C41-4652-8FB6-88B3BB884CBE}"
EndProject
Project("{FAE04EC0-301F-11D3-BF4B-00C04F79EFBC}") = "MultiShop.Order.Application", "Services\Order\Core\MultiShop.Order.Application\MultiShop.Order.Application.csproj", "{8C89B198-8D18-4AF6-94DF-F2CD3837FD6F}"
EndProject
Project("{FAE04EC0-301F-11D3-BF4B-00C04F79EFBC}") = "MultiShop.Order.Persistence", "Services\Order\Infrastructure\MultiShop.Order.Persistence\MultiShop.Order.Persistence.csproj", "{7F14B4D6-9375-447B-B443-CBBCB55E6983}"
EndProject
Project("{FAE04EC0-301F-11D3-BF4B-00C04F79EFBC}") = "MultiShop.Order.WebApi", "Services\Order\Presentation\MultiShop.Order.WebApi\MultiShop.Order.WebApi.csproj", "{A42B9B17-FB16-4372-9482-8AFBE6A7CF3E}"
EndProject
Global
	GlobalSection(SolutionConfigurationPlatforms) = preSolution
		Debug|Any CPU = Debug|Any CPU
		Release|Any CPU = Release|Any CPU
	EndGlobalSection
	GlobalSection(ProjectConfigurationPlatforms) = postSolution
		{9DCAD4A8-EB44-4F1F-89F3-1B3B776B4B0F}.Debug|Any CPU.ActiveCfg = Debug|Any CPU
		{9DCAD4A8-EB44-4F1F-89F3-1B3B776B4B0F}.Debug|Any CPU.Build.0 = Debug|Any CPU
		{9DCAD4A8-EB44-4F1F-89F3-1B3B776B4B0F}.Release|Any CPU.ActiveCfg = Release|Any CPU
		{9DCAD4A8-EB44-4F1F-89F3-1B3B776B4B0F}.Release|Any CPU.Build.0 = Release|Any CPU
		{7DAC6A23-2668-4CB2-99BA-0CD30FFE9719}.Debug|Any CPU.ActiveCfg = Debug|Any CPU
		{7DAC6A23-2668-4CB2-99BA-0CD30FFE9719}.Debug|Any CPU.Build.0 = Debug|Any CPU
		{7DAC6A23-2668-4CB2-99BA-0CD30FFE9719}.Release|Any CPU.ActiveCfg = Release|Any CPU
		{7DAC6A23-2668-4CB2-99BA-0CD30FFE9719}.Release|Any CPU.Build.0 = Release|Any CPU
		{A54A1067-9C41-4652-8FB6-88B3BB884CBE}.Debug|Any CPU.ActiveCfg = Debug|Any CPU
		{A54A1067-9C41-4652-8FB6-88B3BB884CBE}.Debug|Any CPU.Build.0 = Debug|Any CPU
		{A54A1067-9C41-4652-8FB6-88B3BB884CBE}.Release|Any CPU.ActiveCfg = Release|Any CPU
		{A54A1067-9C41-4652-8FB6-88B3BB884CBE}.Release|Any CPU.Build.0 = Release|Any CPU
		{8C89B198-8D18-4AF6-94DF-F2CD3837FD6F}.Debug|Any CPU.ActiveCfg = Debug|Any CPU
		{8C89B198-8D18-4AF6-94DF-F2CD3837FD6F}.Debug|Any CPU.Build.0 = Debug|Any CPU
		{8C89B198-8D18-4AF6-94DF-F2CD3837FD6F}.Release|Any CPU.ActiveCfg = Release|Any CPU
		{8C89B198-8D18-4AF6-94DF-F2CD3837FD6F}.Release|Any CPU.Build.0 = Release|Any CPU
		{7F14B4D6-9375-447B-B443-CBBCB55E6983}.Debug|Any CPU.ActiveCfg = Debug|Any CPU
		{7F14B4D6-9375-447B-B443-CBBCB55E6983}.Debug|Any CPU.Build.0 = Debug|Any CPU
		{7F14B4D6-9375-447B-B443-CBBCB55E6983}.Release|Any CPU.ActiveCfg = Release|Any CPU
		{7F14B4D6-9375-447B-B443-CBBCB55E6983}.Release|Any CPU.Build.0 = Release|Any CPU
		{A42B9B17-FB16-4372-9482-8AFBE6A7CF3E}.Debug|Any CPU.ActiveCfg = Debug|Any CPU
		{A42B9B17-FB16-4372-9482-8AFBE6A7CF3E}.Debug|Any CPU.Build.0 = Debug|Any CPU
		{A42B9B17-FB16-4372-9482-8AFBE6A7CF3E}.Release|Any CPU.ActiveCfg = Release|Any CPU
		{A42B9B17-FB16-4372-9482-8AFBE6A7CF3E}.Release|Any CPU.Build.0 = Release|Any CPU
	EndGlobalSection
	GlobalSection(SolutionProperties) = preSolution
		HideSolutionNode = FALSE
	EndGlobalSection
	GlobalSection(NestedProjects) = preSolution
		{C6229A45-799E-4D6F-B513-E4E5CA10BDEB} = {02EA681E-C7D8-13C7-8484-4AC65E1B71E8}
		{9DCAD4A8-EB44-4F1F-89F3-1B3B776B4B0F} = {C6229A45-799E-4D6F-B513-E4E5CA10BDEB}
		{67904E85-353C-4D1B-A5E0-37A67C5FB7A5} = {02EA681E-C7D8-13C7-8484-4AC65E1B71E8}
		{7DAC6A23-2668-4CB2-99BA-0CD30FFE9719} = {67904E85-353C-4D1B-A5E0-37A67C5FB7A5}
		{9FA01F58-6786-4A83-83DD-7D143E84769E} = {02EA681E-C7D8-13C7-8484-4AC65E1B71E8}
		{7BEFA63A-89F4-48BE-81F0-109C2A2AC5EE} = {9FA01F58-6786-4A83-83DD-7D143E84769E}
		{154738EE-3945-4A2F-A49E-533F99755E62} = {9FA01F58-6786-4A83-83DD-7D143E84769E}
		{0E925B8E-81B8-4A6D-9FAE-9458F0C3FE18} = {9FA01F58-6786-4A83-83DD-7D143E84769E}
		{A54A1067-9C41-4652-8FB6-88B3BB884CBE} = {7BEFA63A-89F4-48BE-81F0-109C2A2AC5EE}
		{8C89B198-8D18-4AF6-94DF-F2CD3837FD6F} = {7BEFA63A-89F4-48BE-81F0-109C2A2AC5EE}
		{7F14B4D6-9375-447B-B443-CBBCB55E6983} = {154738EE-3945-4A2F-A49E-533F99755E62}
		{A42B9B17-FB16-4372-9482-8AFBE6A7CF3E} = {0E925B8E-81B8-4A6D-9FAE-9458F0C3FE18}
	EndGlobalSection
	GlobalSection(ExtensibilityGlobals) = postSolution
		SolutionGuid = {B456B7B3-BCFA-4B4D-A258-E8B1B41E68D6}
	EndGlobalSection
EndGlobal
